// !$*UTF8*$!
{
	archiveVersion = 1;
	classes = {
	};
	objectVersion = 46;
	objects = {

/* Begin PBXBuildFile section */
		C302828F133EE1D200A1D501 /* Foundation.framework in Frameworks */ = {isa = PBXBuildFile; fileRef = C302828E133EE1D200A1D501 /* Foundation.framework */; };
		C3028292133EE1D200A1D501 /* main.m in Sources */ = {isa = PBXBuildFile; fileRef = C3028291133EE1D200A1D501 /* main.m */; };
		C302829D133EFB2100A1D501 /* JsonParser.m in Sources */ = {isa = PBXBuildFile; fileRef = C302829C133EFB2100A1D501 /* JsonParser.m */; };
		C3A6604F133FF9EF00719640 /* Cocoa.framework in Frameworks */ = {isa = PBXBuildFile; fileRef = C30282F0133F317700A1D501 /* Cocoa.framework */; };
		C3A66055133FF9EF00719640 /* InfoPlist.strings in Resources */ = {isa = PBXBuildFile; fileRef = C3A66053133FF9EF00719640 /* InfoPlist.strings */; };
		C3A66062133FFA9D00719640 /* TokenStreamTest.m in Sources */ = {isa = PBXBuildFile; fileRef = C3A66061133FFA9D00719640 /* TokenStreamTest.m */; };
		C3A66065133FFDF000719640 /* TokenStream.m in Sources */ = {isa = PBXBuildFile; fileRef = C3A66064133FFDF000719640 /* TokenStream.m */; };
		C3C65C27134045FA00F7601C /* JsonParserTest.m in Sources */ = {isa = PBXBuildFile; fileRef = C3C65C26134045FA00F7601C /* JsonParserTest.m */; };
/* End PBXBuildFile section */

/* Begin PBXContainerItemProxy section */
		C3A6605E133FFA1700719640 /* PBXContainerItemProxy */ = {
			isa = PBXContainerItemProxy;
			containerPortal = C3028281133EE1D200A1D501 /* Project object */;
			proxyType = 1;
			remoteGlobalIDString = C3028289133EE1D200A1D501;
			remoteInfo = TinyJSON;
		};
/* End PBXContainerItemProxy section */

/* Begin PBXCopyFilesBuildPhase section */
		C3028288133EE1D200A1D501 /* CopyFiles */ = {
			isa = PBXCopyFilesBuildPhase;
			buildActionMask = 2147483647;
			dstPath = /usr/share/man/man1/;
			dstSubfolderSpec = 0;
			files = (
			);
			runOnlyForDeploymentPostprocessing = 1;
		};
/* End PBXCopyFilesBuildPhase section */

/* Begin PBXFileReference section */
		C302828A133EE1D200A1D501 /* TinyJSON */ = {isa = PBXFileReference; explicitFileType = "compiled.mach-o.executable"; includeInIndex = 0; path = TinyJSON; sourceTree = BUILT_PRODUCTS_DIR; };
		C302828E133EE1D200A1D501 /* Foundation.framework */ = {isa = PBXFileReference; lastKnownFileType = wrapper.framework; name = Foundation.framework; path = System/Library/Frameworks/Foundation.framework; sourceTree = SDKROOT; };
		C3028291133EE1D200A1D501 /* main.m */ = {isa = PBXFileReference; lastKnownFileType = sourcecode.c.objc; path = main.m; sourceTree = "<group>"; };
		C3028294133EE1D200A1D501 /* TinyJSON-Prefix.pch */ = {isa = PBXFileReference; lastKnownFileType = sourcecode.c.h; path = "TinyJSON-Prefix.pch"; sourceTree = "<group>"; };
		C3028295133EE1D200A1D501 /* TinyJSON.1 */ = {isa = PBXFileReference; lastKnownFileType = text.man; path = TinyJSON.1; sourceTree = "<group>"; };
		C302829B133EFB2100A1D501 /* JsonParser.h */ = {isa = PBXFileReference; fileEncoding = 4; lastKnownFileType = sourcecode.c.h; path = JsonParser.h; sourceTree = "<group>"; };
		C302829C133EFB2100A1D501 /* JsonParser.m */ = {isa = PBXFileReference; fileEncoding = 4; lastKnownFileType = sourcecode.c.objc; path = JsonParser.m; sourceTree = "<group>"; };
		C30282F0133F317700A1D501 /* Cocoa.framework */ = {isa = PBXFileReference; lastKnownFileType = wrapper.framework; name = Cocoa.framework; path = System/Library/Frameworks/Cocoa.framework; sourceTree = SDKROOT; };
		C30282F3133F317700A1D501 /* AppKit.framework */ = {isa = PBXFileReference; lastKnownFileType = wrapper.framework; name = AppKit.framework; path = System/Library/Frameworks/AppKit.framework; sourceTree = SDKROOT; };
		C30282F4133F317700A1D501 /* CoreData.framework */ = {isa = PBXFileReference; lastKnownFileType = wrapper.framework; name = CoreData.framework; path = System/Library/Frameworks/CoreData.framework; sourceTree = SDKROOT; };
		C30282F5133F317700A1D501 /* Foundation.framework */ = {isa = PBXFileReference; lastKnownFileType = wrapper.framework; name = Foundation.framework; path = System/Library/Frameworks/Foundation.framework; sourceTree = SDKROOT; };
		C3A6604E133FF9EF00719640 /* TinyJSONTest.octest */ = {isa = PBXFileReference; explicitFileType = wrapper.cfbundle; includeInIndex = 0; path = TinyJSONTest.octest; sourceTree = BUILT_PRODUCTS_DIR; };
		C3A66052133FF9EF00719640 /* TinyJSONTest-Info.plist */ = {isa = PBXFileReference; lastKnownFileType = text.plist.xml; path = "TinyJSONTest-Info.plist"; sourceTree = "<group>"; };
		C3A66054133FF9EF00719640 /* en */ = {isa = PBXFileReference; lastKnownFileType = text.plist.strings; name = en; path = en.lproj/InfoPlist.strings; sourceTree = "<group>"; };
		C3A66056133FF9EF00719640 /* TinyJSONTest-Prefix.pch */ = {isa = PBXFileReference; lastKnownFileType = sourcecode.c.h; path = "TinyJSONTest-Prefix.pch"; sourceTree = "<group>"; };
		C3A66060133FFA9D00719640 /* TokenStreamTest.h */ = {isa = PBXFileReference; fileEncoding = 4; lastKnownFileType = sourcecode.c.h; path = TokenStreamTest.h; sourceTree = "<group>"; };
		C3A66061133FFA9D00719640 /* TokenStreamTest.m */ = {isa = PBXFileReference; fileEncoding = 4; lastKnownFileType = sourcecode.c.objc; path = TokenStreamTest.m; sourceTree = "<group>"; };
		C3A66063133FFDF000719640 /* TokenStream.h */ = {isa = PBXFileReference; fileEncoding = 4; lastKnownFileType = sourcecode.c.h; path = TokenStream.h; sourceTree = "<group>"; };
		C3A66064133FFDF000719640 /* TokenStream.m */ = {isa = PBXFileReference; fileEncoding = 4; lastKnownFileType = sourcecode.c.objc; path = TokenStream.m; sourceTree = "<group>"; };
		C3C65C25134045FA00F7601C /* JsonParserTest.h */ = {isa = PBXFileReference; fileEncoding = 4; lastKnownFileType = sourcecode.c.h; path = JsonParserTest.h; sourceTree = "<group>"; };
		C3C65C26134045FA00F7601C /* JsonParserTest.m */ = {isa = PBXFileReference; fileEncoding = 4; lastKnownFileType = sourcecode.c.objc; path = JsonParserTest.m; sourceTree = "<group>"; };
/* End PBXFileReference section */

/* Begin PBXFrameworksBuildPhase section */
		C3028287133EE1D200A1D501 /* Frameworks */ = {
			isa = PBXFrameworksBuildPhase;
			buildActionMask = 2147483647;
			files = (
				C302828F133EE1D200A1D501 /* Foundation.framework in Frameworks */,
			);
			runOnlyForDeploymentPostprocessing = 0;
		};
		C3A6604A133FF9EF00719640 /* Frameworks */ = {
			isa = PBXFrameworksBuildPhase;
			buildActionMask = 2147483647;
			files = (
				C3A6604F133FF9EF00719640 /* Cocoa.framework in Frameworks */,
			);
			runOnlyForDeploymentPostprocessing = 0;
		};
/* End PBXFrameworksBuildPhase section */

/* Begin PBXGroup section */
		C302827F133EE1D200A1D501 = {
			isa = PBXGroup;
			children = (
				C3028290133EE1D200A1D501 /* TinyJSON */,
				C3A66050133FF9EF00719640 /* TinyJSONTest */,
				C302828D133EE1D200A1D501 /* Frameworks */,
				C302828B133EE1D200A1D501 /* Products */,
			);
			sourceTree = "<group>";
		};
		C302828B133EE1D200A1D501 /* Products */ = {
			isa = PBXGroup;
			children = (
				C302828A133EE1D200A1D501 /* TinyJSON */,
				C3A6604E133FF9EF00719640 /* TinyJSONTest.octest */,
			);
			name = Products;
			sourceTree = "<group>";
		};
		C302828D133EE1D200A1D501 /* Frameworks */ = {
			isa = PBXGroup;
			children = (
				C302828E133EE1D200A1D501 /* Foundation.framework */,
				C30282F0133F317700A1D501 /* Cocoa.framework */,
				C30282F2133F317700A1D501 /* Other Frameworks */,
			);
			name = Frameworks;
			sourceTree = "<group>";
		};
		C3028290133EE1D200A1D501 /* TinyJSON */ = {
			isa = PBXGroup;
			children = (
				C3028291133EE1D200A1D501 /* main.m */,
				C302829B133EFB2100A1D501 /* JsonParser.h */,
				C302829C133EFB2100A1D501 /* JsonParser.m */,
				C3A66063133FFDF000719640 /* TokenStream.h */,
				C3A66064133FFDF000719640 /* TokenStream.m */,
				C3028295133EE1D200A1D501 /* TinyJSON.1 */,
				C3028293133EE1D200A1D501 /* Supporting Files */,
			);
			path = TinyJSON;
			sourceTree = "<group>";
		};
		C3028293133EE1D200A1D501 /* Supporting Files */ = {
			isa = PBXGroup;
			children = (
				C3028294133EE1D200A1D501 /* TinyJSON-Prefix.pch */,
			);
			name = "Supporting Files";
			sourceTree = "<group>";
		};
		C30282F2133F317700A1D501 /* Other Frameworks */ = {
			isa = PBXGroup;
			children = (
				C30282F3133F317700A1D501 /* AppKit.framework */,
				C30282F4133F317700A1D501 /* CoreData.framework */,
				C30282F5133F317700A1D501 /* Foundation.framework */,
			);
			name = "Other Frameworks";
			sourceTree = "<group>";
		};
		C3A66050133FF9EF00719640 /* TinyJSONTest */ = {
			isa = PBXGroup;
			children = (
				C3A66060133FFA9D00719640 /* TokenStreamTest.h */,
				C3A66061133FFA9D00719640 /* TokenStreamTest.m */,
				C3A66051133FF9EF00719640 /* Supporting Files */,
				C3C65C25134045FA00F7601C /* JsonParserTest.h */,
				C3C65C26134045FA00F7601C /* JsonParserTest.m */,
			);
			path = TinyJSONTest;
			sourceTree = "<group>";
		};
		C3A66051133FF9EF00719640 /* Supporting Files */ = {
			isa = PBXGroup;
			children = (
				C3A66052133FF9EF00719640 /* TinyJSONTest-Info.plist */,
				C3A66053133FF9EF00719640 /* InfoPlist.strings */,
				C3A66056133FF9EF00719640 /* TinyJSONTest-Prefix.pch */,
			);
			name = "Supporting Files";
			sourceTree = "<group>";
		};
/* End PBXGroup section */

/* Begin PBXNativeTarget section */
		C3028289133EE1D200A1D501 /* TinyJSON */ = {
			isa = PBXNativeTarget;
			buildConfigurationList = C3028298133EE1D200A1D501 /* Build configuration list for PBXNativeTarget "TinyJSON" */;
			buildPhases = (
				C3028286133EE1D200A1D501 /* Sources */,
				C3028287133EE1D200A1D501 /* Frameworks */,
				C3028288133EE1D200A1D501 /* CopyFiles */,
			);
			buildRules = (
			);
			dependencies = (
			);
			name = TinyJSON;
			productName = TinyJSON;
			productReference = C302828A133EE1D200A1D501 /* TinyJSON */;
			productType = "com.apple.product-type.tool";
		};
		C3A6604D133FF9EF00719640 /* TinyJSONTest */ = {
			isa = PBXNativeTarget;
			buildConfigurationList = C3A6605B133FF9EF00719640 /* Build configuration list for PBXNativeTarget "TinyJSONTest" */;
			buildPhases = (
				C3A66049133FF9EF00719640 /* Sources */,
				C3A6604A133FF9EF00719640 /* Frameworks */,
				C3A6604B133FF9EF00719640 /* Resources */,
				C3A6604C133FF9EF00719640 /* ShellScript */,
			);
			buildRules = (
			);
			dependencies = (
				C3A6605F133FFA1700719640 /* PBXTargetDependency */,
			);
			name = TinyJSONTest;
			productName = TinyJSONTest;
			productReference = C3A6604E133FF9EF00719640 /* TinyJSONTest.octest */;
			productType = "com.apple.product-type.bundle";
		};
/* End PBXNativeTarget section */

/* Begin PBXProject section */
		C3028281133EE1D200A1D501 /* Project object */ = {
			isa = PBXProject;
			buildConfigurationList = C3028284133EE1D200A1D501 /* Build configuration list for PBXProject "TinyJSON" */;
			compatibilityVersion = "Xcode 3.2";
			developmentRegion = English;
			hasScannedForEncodings = 0;
			knownRegions = (
				en,
			);
			mainGroup = C302827F133EE1D200A1D501;
			productRefGroup = C302828B133EE1D200A1D501 /* Products */;
			projectDirPath = "";
			projectRoot = "";
			targets = (
				C3028289133EE1D200A1D501 /* TinyJSON */,
				C3A6604D133FF9EF00719640 /* TinyJSONTest */,
			);
		};
/* End PBXProject section */

/* Begin PBXResourcesBuildPhase section */
		C3A6604B133FF9EF00719640 /* Resources */ = {
			isa = PBXResourcesBuildPhase;
			buildActionMask = 2147483647;
			files = (
				C3A66055133FF9EF00719640 /* InfoPlist.strings in Resources */,
			);
			runOnlyForDeploymentPostprocessing = 0;
		};
/* End PBXResourcesBuildPhase section */

/* Begin PBXShellScriptBuildPhase section */
		C3A6604C133FF9EF00719640 /* ShellScript */ = {
			isa = PBXShellScriptBuildPhase;
			buildActionMask = 2147483647;
			files = (
			);
			inputPaths = (
			);
			outputPaths = (
			);
			runOnlyForDeploymentPostprocessing = 0;
			shellPath = /bin/sh;
			shellScript = "# Run the unit tests in this test bundle.\n\"${SYSTEM_DEVELOPER_DIR}/Tools/RunUnitTests\"\n";
		};
/* End PBXShellScriptBuildPhase section */

/* Begin PBXSourcesBuildPhase section */
		C3028286133EE1D200A1D501 /* Sources */ = {
			isa = PBXSourcesBuildPhase;
			buildActionMask = 2147483647;
			files = (
				C3028292133EE1D200A1D501 /* main.m in Sources */,
				C302829D133EFB2100A1D501 /* JsonParser.m in Sources */,
				C3A66065133FFDF000719640 /* TokenStream.m in Sources */,
			);
			runOnlyForDeploymentPostprocessing = 0;
		};
		C3A66049133FF9EF00719640 /* Sources */ = {
			isa = PBXSourcesBuildPhase;
			buildActionMask = 2147483647;
			files = (
				C3A66062133FFA9D00719640 /* TokenStreamTest.m in Sources */,
				C3C65C27134045FA00F7601C /* JsonParserTest.m in Sources */,
			);
			runOnlyForDeploymentPostprocessing = 0;
		};
/* End PBXSourcesBuildPhase section */

/* Begin PBXTargetDependency section */
		C3A6605F133FFA1700719640 /* PBXTargetDependency */ = {
			isa = PBXTargetDependency;
			target = C3028289133EE1D200A1D501 /* TinyJSON */;
			targetProxy = C3A6605E133FFA1700719640 /* PBXContainerItemProxy */;
		};
/* End PBXTargetDependency section */

/* Begin PBXVariantGroup section */
		C3A66053133FF9EF00719640 /* InfoPlist.strings */ = {
			isa = PBXVariantGroup;
			children = (
				C3A66054133FF9EF00719640 /* en */,
			);
			name = InfoPlist.strings;
			sourceTree = "<group>";
		};
/* End PBXVariantGroup section */

/* Begin XCBuildConfiguration section */
		C3028296133EE1D200A1D501 /* Debug */ = {
			isa = XCBuildConfiguration;
			buildSettings = {
				ARCHS = "$(ARCHS_STANDARD_32_64_BIT)";
				GCC_C_LANGUAGE_STANDARD = gnu99;
				GCC_OPTIMIZATION_LEVEL = 0;
				GCC_PREPROCESSOR_DEFINITIONS = DEBUG;
				GCC_SYMBOLS_PRIVATE_EXTERN = NO;
				GCC_VERSION = com.apple.compilers.llvm.clang.1_0;
				GCC_WARN_64_TO_32_BIT_CONVERSION = YES;
				GCC_WARN_ABOUT_RETURN_TYPE = YES;
				GCC_WARN_UNUSED_VARIABLE = YES;
				MACOSX_DEPLOYMENT_TARGET = 10.6;
				ONLY_ACTIVE_ARCH = YES;
				SDKROOT = macosx;
			};
			name = Debug;
		};
		C3028297133EE1D200A1D501 /* Release */ = {
			isa = XCBuildConfiguration;
			buildSettings = {
				ARCHS = "$(ARCHS_STANDARD_32_64_BIT)";
				GCC_C_LANGUAGE_STANDARD = gnu99;
				GCC_VERSION = com.apple.compilers.llvm.clang.1_0;
				GCC_WARN_64_TO_32_BIT_CONVERSION = YES;
				GCC_WARN_ABOUT_RETURN_TYPE = YES;
				GCC_WARN_UNUSED_VARIABLE = YES;
				MACOSX_DEPLOYMENT_TARGET = 10.6;
				SDKROOT = macosx;
			};
			name = Release;
		};
		C3028299133EE1D200A1D501 /* Debug */ = {
			isa = XCBuildConfiguration;
			buildSettings = {
				ALWAYS_SEARCH_USER_PATHS = NO;
				COPY_PHASE_STRIP = NO;
				GCC_DYNAMIC_NO_PIC = NO;
				GCC_ENABLE_OBJC_EXCEPTIONS = YES;
				GCC_PRECOMPILE_PREFIX_HEADER = YES;
				GCC_PREFIX_HEADER = "TinyJSON/TinyJSON-Prefix.pch";
				PRODUCT_NAME = "$(TARGET_NAME)";
			};
			name = Debug;
		};
		C302829A133EE1D200A1D501 /* Release */ = {
			isa = XCBuildConfiguration;
			buildSettings = {
				ALWAYS_SEARCH_USER_PATHS = NO;
				COPY_PHASE_STRIP = YES;
				DEBUG_INFORMATION_FORMAT = "dwarf-with-dsym";
				GCC_ENABLE_OBJC_EXCEPTIONS = YES;
				GCC_PRECOMPILE_PREFIX_HEADER = YES;
				GCC_PREFIX_HEADER = "TinyJSON/TinyJSON-Prefix.pch";
				PRODUCT_NAME = "$(TARGET_NAME)";
			};
			name = Release;
		};
		C3A6605C133FF9EF00719640 /* Debug */ = {
			isa = XCBuildConfiguration;
			buildSettings = {
				ALWAYS_SEARCH_USER_PATHS = NO;
				BUNDLE_LOADER = "$(BUILT_PRODUCTS_DIR)/TinyJSON";
				COPY_PHASE_STRIP = NO;
				FRAMEWORK_SEARCH_PATHS = "$(DEVELOPER_LIBRARY_DIR)/Frameworks";
				GCC_DYNAMIC_NO_PIC = NO;
				GCC_ENABLE_OBJC_EXCEPTIONS = YES;
				GCC_PRECOMPILE_PREFIX_HEADER = YES;
				GCC_PREFIX_HEADER = "TinyJSONTest/TinyJSONTest-Prefix.pch";
				INFOPLIST_FILE = "TinyJSONTest/TinyJSONTest-Info.plist";
				OTHER_LDFLAGS = (
					"-framework",
					SenTestingKit,
				);
				PRODUCT_NAME = "$(TARGET_NAME)";
				TEST_AFTER_BUILD = YES;
				TEST_HOST = "$(BUNDLE_LOADER)";
				WRAPPER_EXTENSION = octest;
			};
			name = Debug;
		};
		C3A6605D133FF9EF00719640 /* Release */ = {
			isa = XCBuildConfiguration;
			buildSettings = {
				ALWAYS_SEARCH_USER_PATHS = NO;
				BUNDLE_LOADER = "$(BUILT_PRODUCTS_DIR)/TinyJSON";
				COPY_PHASE_STRIP = YES;
				DEBUG_INFORMATION_FORMAT = "dwarf-with-dsym";
				FRAMEWORK_SEARCH_PATHS = "$(DEVELOPER_LIBRARY_DIR)/Frameworks";
				GCC_ENABLE_OBJC_EXCEPTIONS = YES;
				GCC_PRECOMPILE_PREFIX_HEADER = YES;
				GCC_PREFIX_HEADER = "TinyJSONTest/TinyJSONTest-Prefix.pch";
				INFOPLIST_FILE = "TinyJSONTest/TinyJSONTest-Info.plist";
				OTHER_LDFLAGS = (
					"-framework",
					SenTestingKit,
				);
				PRODUCT_NAME = "$(TARGET_NAME)";
				TEST_AFTER_BUILD = YES;
				TEST_HOST = "$(BUNDLE_LOADER)";
				WRAPPER_EXTENSION = octest;
			};
			name = Release;
		};
/* End XCBuildConfiguration section */

/* Begin XCConfigurationList section */
		C3028284133EE1D200A1D501 /* Build configuration list for PBXProject "TinyJSON" */ = {
			isa = XCConfigurationList;
			buildConfigurations = (
				C3028296133EE1D200A1D501 /* Debug */,
				C3028297133EE1D200A1D501 /* Release */,
			);
			defaultConfigurationIsVisible = 0;
			defaultConfigurationName = Release;
		};
		C3028298133EE1D200A1D501 /* Build configuration list for PBXNativeTarget "TinyJSON" */ = {
			isa = XCConfigurationList;
			buildConfigurations = (
				C3028299133EE1D200A1D501 /* Debug */,
				C302829A133EE1D200A1D501 /* Release */,
			);
			defaultConfigurationIsVisible = 0;
			defaultConfigurationName = Release;
		};
		C3A6605B133FF9EF00719640 /* Build configuration list for PBXNativeTarget "TinyJSONTest" */ = {
			isa = XCConfigurationList;
			buildConfigurations = (
				C3A6605C133FF9EF00719640 /* Debug */,
				C3A6605D133FF9EF00719640 /* Release */,
			);
			defaultConfigurationIsVisible = 0;
			defaultConfigurationName = Release;
		};
/* End XCConfigurationList section */
	};
	rootObject = C3028281133EE1D200A1D501 /* Project object */;
}
